
Microsoft Visual Studio Solution File, Format Version 12.00
# Visual Studio Version 17
VisualStudioVersion = 17.7.34202.233
MinimumVisualStudioVersion = 10.0.40219.1
Project("{FAE04EC0-301F-11D3-BF4B-00C04F79EFBC}") = "ServiceWeapon", "ServiceWeapon.csproj", "{FD173E9A-59C4-4414-8EDF-1F7427255C5B}"
EndProject
Global
	GlobalSection(SolutionConfigurationPlatforms) = preSolution
		Debug|Any CPU = Debug|Any CPU
		Release|Any CPU = Release|Any CPU
	EndGlobalSection
	GlobalSection(ProjectConfigurationPlatforms) = postSolution
		{FD173E9A-59C4-4414-8EDF-1F7427255C5B}.Debug|Any CPU.ActiveCfg = Debug|Any CPU
		{FD173E9A-59C4-4414-8EDF-1F7427255C5B}.Debug|Any CPU.Build.0 = Debug|Any CPU
		{FD173E9A-59C4-4414-8EDF-1F7427255C5B}.Release|Any CPU.ActiveCfg = Release|Any CPU
		{FD173E9A-59C4-4414-8EDF-1F7427255C5B}.Release|Any CPU.Build.0 = Release|Any CPU
	EndGlobalSection
	GlobalSection(SolutionProperties) = preSolution
		HideSolutionNode = FALSE
	EndGlobalSection
	GlobalSection(ExtensibilityGlobals) = postSolution
		SolutionGuid = {F4350634-F80E-4C50-9DB6-E1CD53B22259}
	EndGlobalSection
EndGlobal
